
Microsoft Visual Studio Solution File, Format Version 12.00
# Visual Studio 14
VisualStudioVersion = 14.0.25123.0
MinimumVisualStudioVersion = 10.0.40219.1
Project("{2150E333-8FDC-42A3-9474-1A3956D46DE8}") = "src", "src", "{9CBCDDC8-0990-4270-B766-CAA6BE6371B6}"
EndProject
Project("{2150E333-8FDC-42A3-9474-1A3956D46DE8}") = "Solution Items", "Solution Items", "{924823F9-8B0E-45B3-8A79-95B9E2BC6071}"
	ProjectSection(SolutionItems) = preProject
		global.json = global.json
	EndProjectSection
EndProject
Project("{8BB2217D-0F2D-49D1-97BC-3654ED321F3B}") = "Caiyuan", "src\Caiyuan\Caiyuan.xproj", "{414C54B8-0841-458D-B03D-3B442A7345F0}"
EndProject
Project("{8BB2217D-0F2D-49D1-97BC-3654ED321F3B}") = "Caiyuan.DB.Models", "src\Caiyuan.DB.Models\Caiyuan.DB.Models.xproj", "{77AAB6A6-031C-42EA-BDBB-555C84E56513}"
EndProject
Project("{8BB2217D-0F2D-49D1-97BC-3654ED321F3B}") = "Caiyuan.UnitTests", "src\Caiyuan.UnitTests\Caiyuan.UnitTests.xproj", "{B2DE2B1B-CB51-4C74-9167-7862C3133492}"
EndProject
Project("{F088123C-0E9E-452A-89E6-6BA2F21D5CAC}") = "ModelingProject", "src\ModelingProject\ModelingProject.modelproj", "{F40E6697-B0EE-4B1D-ABE9-3C89BC8206CA}"
EndProject
Project("{8BB2217D-0F2D-49D1-97BC-3654ED321F3B}") = "Caiyuan.Domain", "src\Caiyuan.Domain\Caiyuan.Domain.xproj", "{258C2AE5-B80A-4874-A7AD-19F4CBCFFC5D}"
EndProject
Global
	GlobalSection(SolutionConfigurationPlatforms) = preSolution
		Debug|Any CPU = Debug|Any CPU
		Release|Any CPU = Release|Any CPU
	EndGlobalSection
	GlobalSection(ProjectConfigurationPlatforms) = postSolution
		{414C54B8-0841-458D-B03D-3B442A7345F0}.Debug|Any CPU.ActiveCfg = Debug|Any CPU
		{414C54B8-0841-458D-B03D-3B442A7345F0}.Debug|Any CPU.Build.0 = Debug|Any CPU
		{414C54B8-0841-458D-B03D-3B442A7345F0}.Release|Any CPU.ActiveCfg = Release|Any CPU
		{414C54B8-0841-458D-B03D-3B442A7345F0}.Release|Any CPU.Build.0 = Release|Any CPU
		{77AAB6A6-031C-42EA-BDBB-555C84E56513}.Debug|Any CPU.ActiveCfg = Debug|Any CPU
		{77AAB6A6-031C-42EA-BDBB-555C84E56513}.Debug|Any CPU.Build.0 = Debug|Any CPU
		{77AAB6A6-031C-42EA-BDBB-555C84E56513}.Release|Any CPU.ActiveCfg = Release|Any CPU
		{77AAB6A6-031C-42EA-BDBB-555C84E56513}.Release|Any CPU.Build.0 = Release|Any CPU
		{B2DE2B1B-CB51-4C74-9167-7862C3133492}.Debug|Any CPU.ActiveCfg = Debug|Any CPU
		{B2DE2B1B-CB51-4C74-9167-7862C3133492}.Debug|Any CPU.Build.0 = Debug|Any CPU
		{B2DE2B1B-CB51-4C74-9167-7862C3133492}.Release|Any CPU.ActiveCfg = Release|Any CPU
		{B2DE2B1B-CB51-4C74-9167-7862C3133492}.Release|Any CPU.Build.0 = Release|Any CPU
		{F40E6697-B0EE-4B1D-ABE9-3C89BC8206CA}.Debug|Any CPU.ActiveCfg = Debug|Any CPU
		{F40E6697-B0EE-4B1D-ABE9-3C89BC8206CA}.Debug|Any CPU.Build.0 = Debug|Any CPU
		{F40E6697-B0EE-4B1D-ABE9-3C89BC8206CA}.Release|Any CPU.ActiveCfg = Release|Any CPU
		{F40E6697-B0EE-4B1D-ABE9-3C89BC8206CA}.Release|Any CPU.Build.0 = Release|Any CPU
		{258C2AE5-B80A-4874-A7AD-19F4CBCFFC5D}.Debug|Any CPU.ActiveCfg = Debug|Any CPU
		{258C2AE5-B80A-4874-A7AD-19F4CBCFFC5D}.Debug|Any CPU.Build.0 = Debug|Any CPU
		{258C2AE5-B80A-4874-A7AD-19F4CBCFFC5D}.Release|Any CPU.ActiveCfg = Release|Any CPU
		{258C2AE5-B80A-4874-A7AD-19F4CBCFFC5D}.Release|Any CPU.Build.0 = Release|Any CPU
	EndGlobalSection
	GlobalSection(SolutionProperties) = preSolution
		HideSolutionNode = FALSE
	EndGlobalSection
	GlobalSection(NestedProjects) = preSolution
		{414C54B8-0841-458D-B03D-3B442A7345F0} = {9CBCDDC8-0990-4270-B766-CAA6BE6371B6}
		{77AAB6A6-031C-42EA-BDBB-555C84E56513} = {9CBCDDC8-0990-4270-B766-CAA6BE6371B6}
		{B2DE2B1B-CB51-4C74-9167-7862C3133492} = {924823F9-8B0E-45B3-8A79-95B9E2BC6071}
		{F40E6697-B0EE-4B1D-ABE9-3C89BC8206CA} = {924823F9-8B0E-45B3-8A79-95B9E2BC6071}
		{258C2AE5-B80A-4874-A7AD-19F4CBCFFC5D} = {9CBCDDC8-0990-4270-B766-CAA6BE6371B6}
	EndGlobalSection
EndGlobal
